
Microsoft Visual Studio Solution File, Format Version 12.00
# Visual Studio Version 17
VisualStudioVersion = 17.14.36705.20
MinimumVisualStudioVersion = 10.0.40219.1
Project("{FAE04EC0-301F-11D3-BF4B-00C04F79EFBC}") = "Aula01", "Aula01\Aula01.csproj", "{27D5217C-9F88-4D68-A731-B4AF930C1246}"
EndProject
Project("{FAE04EC0-301F-11D3-BF4B-00C04F79EFBC}") = "Aula02", "Aula02\Aula02.csproj", "{C21CCCA7-BBF6-4C2A-9823-FBF21BA5CE50}"
EndProject
Project("{FAE04EC0-301F-11D3-BF4B-00C04F79EFBC}") = "Aula03", "Aula03\Aula03.csproj", "{BF224126-1383-4ECD-A63B-D03ED57745B8}"
EndProject
Project("{FAE04EC0-301F-11D3-BF4B-00C04F79EFBC}") = "Aula04", "Aula04\Aula04.csproj", "{91A060DC-ECAF-4F82-A18B-2D94D31E7F47}"
EndProject
Project("{FAE04EC0-301F-11D3-BF4B-00C04F79EFBC}") = "Aula05", "Aula05\Aula05.csproj", "{B51881E1-64E8-4AA6-B793-4A73ED99D363}"
EndProject
Project("{FAE04EC0-301F-11D3-BF4B-00C04F79EFBC}") = "Aula06", "Aula06\Aula06.csproj", "{FF40E969-B5BD-49B9-87DF-12B0DE4801CF}"
EndProject
Project("{FAE04EC0-301F-11D3-BF4B-00C04F79EFBC}") = "Aula07", "Aula07\Aula07.csproj", "{C30F10A9-7A2A-4F62-995E-4FFF20A6C0FD}"
EndProject
Project("{FAE04EC0-301F-11D3-BF4B-00C04F79EFBC}") = "Aula08", "Aula08\Aula08.csproj", "{502864FE-9BF4-43E6-9E51-3E89E84A087A}"
EndProject
Project("{FAE04EC0-301F-11D3-BF4B-00C04F79EFBC}") = "Aula09", "Aula09\Aula09.csproj", "{4DA56F9A-1885-411C-BBE5-D74CE1CB5104}"
EndProject
Project("{FAE04EC0-301F-11D3-BF4B-00C04F79EFBC}") = "Aula10", "Aula10\Aula10.csproj", "{C713D764-9CEE-4D3A-A155-8CBF7215E056}"
EndProject
Project("{FAE04EC0-301F-11D3-BF4B-00C04F79EFBC}") = "Aula11", "Aula11\Aula11.csproj", "{AEC7544C-89DF-4630-A815-701400641FDC}"
EndProject
Project("{FAE04EC0-301F-11D3-BF4B-00C04F79EFBC}") = "Aula12", "Aula12\Aula12.csproj", "{888DFABD-58FF-4D35-BA93-A893EF28F04D}"
EndProject
Project("{FAE04EC0-301F-11D3-BF4B-00C04F79EFBC}") = "Aula13", "Aula13\Aula13.csproj", "{D750AA39-87FD-4AD4-8281-11F6DD967165}"
EndProject
Project("{FAE04EC0-301F-11D3-BF4B-00C04F79EFBC}") = "Aula14", "Aula14\Aula14.csproj", "{50802BD6-48AE-4F8D-A44A-D728CA51B919}"
EndProject
Project("{FAE04EC0-301F-11D3-BF4B-00C04F79EFBC}") = "Aula15", "Aula15\Aula15.csproj", "{BF9B79C4-C7D6-47CD-9972-1B9602C6655B}"
EndProject
Global
	GlobalSection(SolutionConfigurationPlatforms) = preSolution
		Debug|Any CPU = Debug|Any CPU
		Release|Any CPU = Release|Any CPU
	EndGlobalSection
	GlobalSection(ProjectConfigurationPlatforms) = postSolution
		{27D5217C-9F88-4D68-A731-B4AF930C1246}.Debug|Any CPU.ActiveCfg = Debug|Any CPU
		{27D5217C-9F88-4D68-A731-B4AF930C1246}.Debug|Any CPU.Build.0 = Debug|Any CPU
		{27D5217C-9F88-4D68-A731-B4AF930C1246}.Release|Any CPU.ActiveCfg = Release|Any CPU
		{27D5217C-9F88-4D68-A731-B4AF930C1246}.Release|Any CPU.Build.0 = Release|Any CPU
		{C21CCCA7-BBF6-4C2A-9823-FBF21BA5CE50}.Debug|Any CPU.ActiveCfg = Debug|Any CPU
		{C21CCCA7-BBF6-4C2A-9823-FBF21BA5CE50}.Debug|Any CPU.Build.0 = Debug|Any CPU
		{C21CCCA7-BBF6-4C2A-9823-FBF21BA5CE50}.Release|Any CPU.ActiveCfg = Release|Any CPU
		{C21CCCA7-BBF6-4C2A-9823-FBF21BA5CE50}.Release|Any CPU.Build.0 = Release|Any CPU
		{BF224126-1383-4ECD-A63B-D03ED57745B8}.Debug|Any CPU.ActiveCfg = Debug|Any CPU
		{BF224126-1383-4ECD-A63B-D03ED57745B8}.Debug|Any CPU.Build.0 = Debug|Any CPU
		{BF224126-1383-4ECD-A63B-D03ED57745B8}.Release|Any CPU.ActiveCfg = Release|Any CPU
		{BF224126-1383-4ECD-A63B-D03ED57745B8}.Release|Any CPU.Build.0 = Release|Any CPU
		{91A060DC-ECAF-4F82-A18B-2D94D31E7F47}.Debug|Any CPU.ActiveCfg = Debug|Any CPU
		{91A060DC-ECAF-4F82-A18B-2D94D31E7F47}.Debug|Any CPU.Build.0 = Debug|Any CPU
		{91A060DC-ECAF-4F82-A18B-2D94D31E7F47}.Release|Any CPU.ActiveCfg = Release|Any CPU
		{91A060DC-ECAF-4F82-A18B-2D94D31E7F47}.Release|Any CPU.Build.0 = Release|Any CPU
		{B51881E1-64E8-4AA6-B793-4A73ED99D363}.Debug|Any CPU.ActiveCfg = Debug|Any CPU
		{B51881E1-64E8-4AA6-B793-4A73ED99D363}.Debug|Any CPU.Build.0 = Debug|Any CPU
		{B51881E1-64E8-4AA6-B793-4A73ED99D363}.Release|Any CPU.ActiveCfg = Release|Any CPU
		{B51881E1-64E8-4AA6-B793-4A73ED99D363}.Release|Any CPU.Build.0 = Release|Any CPU
		{FF40E969-B5BD-49B9-87DF-12B0DE4801CF}.Debug|Any CPU.ActiveCfg = Debug|Any CPU
		{FF40E969-B5BD-49B9-87DF-12B0DE4801CF}.Debug|Any CPU.Build.0 = Debug|Any CPU
		{FF40E969-B5BD-49B9-87DF-12B0DE4801CF}.Release|Any CPU.ActiveCfg = Release|Any CPU
		{FF40E969-B5BD-49B9-87DF-12B0DE4801CF}.Release|Any CPU.Build.0 = Release|Any CPU
		{C30F10A9-7A2A-4F62-995E-4FFF20A6C0FD}.Debug|Any CPU.ActiveCfg = Debug|Any CPU
		{C30F10A9-7A2A-4F62-995E-4FFF20A6C0FD}.Debug|Any CPU.Build.0 = Debug|Any CPU
		{C30F10A9-7A2A-4F62-995E-4FFF20A6C0FD}.Release|Any CPU.ActiveCfg = Release|Any CPU
		{C30F10A9-7A2A-4F62-995E-4FFF20A6C0FD}.Release|Any CPU.Build.0 = Release|Any CPU
		{502864FE-9BF4-43E6-9E51-3E89E84A087A}.Debug|Any CPU.ActiveCfg = Debug|Any CPU
		{502864FE-9BF4-43E6-9E51-3E89E84A087A}.Debug|Any CPU.Build.0 = Debug|Any CPU
		{502864FE-9BF4-43E6-9E51-3E89E84A087A}.Release|Any CPU.ActiveCfg = Release|Any CPU
		{502864FE-9BF4-43E6-9E51-3E89E84A087A}.Release|Any CPU.Build.0 = Release|Any CPU
		{4DA56F9A-1885-411C-BBE5-D74CE1CB5104}.Debug|Any CPU.ActiveCfg = Debug|Any CPU
		{4DA56F9A-1885-411C-BBE5-D74CE1CB5104}.Debug|Any CPU.Build.0 = Debug|Any CPU
		{4DA56F9A-1885-411C-BBE5-D74CE1CB5104}.Release|Any CPU.ActiveCfg = Release|Any CPU
		{4DA56F9A-1885-411C-BBE5-D74CE1CB5104}.Release|Any CPU.Build.0 = Release|Any CPU
		{C713D764-9CEE-4D3A-A155-8CBF7215E056}.Debug|Any CPU.ActiveCfg = Debug|Any CPU
		{C713D764-9CEE-4D3A-A155-8CBF7215E056}.Debug|Any CPU.Build.0 = Debug|Any CPU
		{C713D764-9CEE-4D3A-A155-8CBF7215E056}.Release|Any CPU.ActiveCfg = Release|Any CPU
		{C713D764-9CEE-4D3A-A155-8CBF7215E056}.Release|Any CPU.Build.0 = Release|Any CPU
		{AEC7544C-89DF-4630-A815-701400641FDC}.Debug|Any CPU.ActiveCfg = Debug|Any CPU
		{AEC7544C-89DF-4630-A815-701400641FDC}.Debug|Any CPU.Build.0 = Debug|Any CPU
		{AEC7544C-89DF-4630-A815-701400641FDC}.Release|Any CPU.ActiveCfg = Release|Any CPU
		{AEC7544C-89DF-4630-A815-701400641FDC}.Release|Any CPU.Build.0 = Release|Any CPU
		{888DFABD-58FF-4D35-BA93-A893EF28F04D}.Debug|Any CPU.ActiveCfg = Debug|Any CPU
		{888DFABD-58FF-4D35-BA93-A893EF28F04D}.Debug|Any CPU.Build.0 = Debug|Any CPU
		{888DFABD-58FF-4D35-BA93-A893EF28F04D}.Release|Any CPU.ActiveCfg = Release|Any CPU
		{888DFABD-58FF-4D35-BA93-A893EF28F04D}.Release|Any CPU.Build.0 = Release|Any CPU
		{D750AA39-87FD-4AD4-8281-11F6DD967165}.Debug|Any CPU.ActiveCfg = Debug|Any CPU
		{D750AA39-87FD-4AD4-8281-11F6DD967165}.Debug|Any CPU.Build.0 = Debug|Any CPU
		{D750AA39-87FD-4AD4-8281-11F6DD967165}.Release|Any CPU.ActiveCfg = Release|Any CPU
		{D750AA39-87FD-4AD4-8281-11F6DD967165}.Release|Any CPU.Build.0 = Release|Any CPU
		{50802BD6-48AE-4F8D-A44A-D728CA51B919}.Debug|Any CPU.ActiveCfg = Debug|Any CPU
		{50802BD6-48AE-4F8D-A44A-D728CA51B919}.Debug|Any CPU.Build.0 = Debug|Any CPU
		{50802BD6-48AE-4F8D-A44A-D728CA51B919}.Release|Any CPU.ActiveCfg = Release|Any CPU
		{50802BD6-48AE-4F8D-A44A-D728CA51B919}.Release|Any CPU.Build.0 = Release|Any CPU
		{BF9B79C4-C7D6-47CD-9972-1B9602C6655B}.Debug|Any CPU.ActiveCfg = Debug|Any CPU
		{BF9B79C4-C7D6-47CD-9972-1B9602C6655B}.Debug|Any CPU.Build.0 = Debug|Any CPU
		{BF9B79C4-C7D6-47CD-9972-1B9602C6655B}.Release|Any CPU.ActiveCfg = Release|Any CPU
		{BF9B79C4-C7D6-47CD-9972-1B9602C6655B}.Release|Any CPU.Build.0 = Release|Any CPU
	EndGlobalSection
	GlobalSection(SolutionProperties) = preSolution
		HideSolutionNode = FALSE
	EndGlobalSection
	GlobalSection(ExtensibilityGlobals) = postSolution
		SolutionGuid = {8A31C97E-A7D2-4FC8-99D2-30602F586A07}
	EndGlobalSection
EndGlobal
